# This file is automatically @generated by rv.
# It is not intended for manual editing.
version = 2
r_version = "4.5"

[[packages]]
name = "dvs"
version = "0.0.2.9000"
source = { repository = "https://prism.dev.a2-ai.cloud/rpkgs/stratus/2026-03-02" }
force_source = false
dependencies = [
    "rlang",
]

[[packages]]
name = "rlang"
version = "1.1.7"
source = { repository = "https://prism.dev.a2-ai.cloud/rpkgs/stratus/2026-03-02" }
force_source = false
dependencies = []
